// !$*UTF8*$!
{
	archiveVersion = 1;
	classes = {
	};
	objectVersion = 50;
	objects = {

/* Begin PBXBuildFile section */
		ABFF167D2398419100514EFB /* AppDelegate.m in Sources */ = {isa = PBXBuildFile; fileRef = ABFF167C2398419100514EFB /* AppDelegate.m */; };
		ABFF16802398419100514EFB /* SceneDelegate.m in Sources */ = {isa = PBXBuildFile; fileRef = ABFF167F2398419100514EFB /* SceneDelegate.m */; };
		ABFF16832398419100514EFB /* ViewController.m in Sources */ = {isa = PBXBuildFile; fileRef = ABFF16822398419100514EFB /* ViewController.m */; };
		ABFF16862398419100514EFB /* Main.storyboard in Resources */ = {isa = PBXBuildFile; fileRef = ABFF16842398419100514EFB /* Main.storyboard */; };
		ABFF16882398419300514EFB /* Assets.xcassets in Resources */ = {isa = PBXBuildFile; fileRef = ABFF16872398419300514EFB /* Assets.xcassets */; };
		ABFF168B2398419300514EFB /* LaunchScreen.storyboard in Resources */ = {isa = PBXBuildFile; fileRef = ABFF16892398419300514EFB /* LaunchScreen.storyboard */; };
		ABFF168E2398419300514EFB /* main.m in Sources */ = {isa = PBXBuildFile; fileRef = ABFF168D2398419300514EFB /* main.m */; };
		ABFF169E23984AD600514EFB /* ARCityAirQuality.m in Sources */ = {isa = PBXBuildFile; fileRef = ABFF169D23984AD600514EFB /* ARCityAirQuality.m */; };
		ABFF16A123984AE100514EFB /* ARWeather.m in Sources */ = {isa = PBXBuildFile; fileRef = ABFF16A023984AE100514EFB /* ARWeather.m */; };
		ABFF16A423984AF100514EFB /* ARPollution.m in Sources */ = {isa = PBXBuildFile; fileRef = ABFF16A323984AF100514EFB /* ARPollution.m */; };
		ABFF16AA23985CAF00514EFB /* ARCityAirQualityController.m in Sources */ = {isa = PBXBuildFile; fileRef = ABFF16A923985CAF00514EFB /* ARCityAirQualityController.m */; };
		ABFF16BB23987BF700514EFB /* CountriesListViewController.swift in Sources */ = {isa = PBXBuildFile; fileRef = ABFF16BA23987BF700514EFB /* CountriesListViewController.swift */; };
		ABFF16BD23987C0200514EFB /* StatesListViewController.swift in Sources */ = {isa = PBXBuildFile; fileRef = ABFF16BC23987C0200514EFB /* StatesListViewController.swift */; };
		ABFF16C123987DC900514EFB /* CityViewController.swift in Sources */ = {isa = PBXBuildFile; fileRef = ABFF16C023987DC900514EFB /* CityViewController.swift */; };
		ABFF16C323987E0D00514EFB /* CitiesListViewController.swift in Sources */ = {isa = PBXBuildFile; fileRef = ABFF16C223987E0D00514EFB /* CitiesListViewController.swift */; };
/* End PBXBuildFile section */

/* Begin PBXFileReference section */
		ABFF16782398419100514EFB /* AirQualityObjC.app */ = {isa = PBXFileReference; explicitFileType = wrapper.application; includeInIndex = 0; path = AirQualityObjC.app; sourceTree = BUILT_PRODUCTS_DIR; };
		ABFF167B2398419100514EFB /* AppDelegate.h */ = {isa = PBXFileReference; lastKnownFileType = sourcecode.c.h; path = AppDelegate.h; sourceTree = "<group>"; };
		ABFF167C2398419100514EFB /* AppDelegate.m */ = {isa = PBXFileReference; lastKnownFileType = sourcecode.c.objc; path = AppDelegate.m; sourceTree = "<group>"; };
		ABFF167E2398419100514EFB /* SceneDelegate.h */ = {isa = PBXFileReference; lastKnownFileType = sourcecode.c.h; path = SceneDelegate.h; sourceTree = "<group>"; };
		ABFF167F2398419100514EFB /* SceneDelegate.m */ = {isa = PBXFileReference; lastKnownFileType = sourcecode.c.objc; path = SceneDelegate.m; sourceTree = "<group>"; };
		ABFF16812398419100514EFB /* ViewController.h */ = {isa = PBXFileReference; lastKnownFileType = sourcecode.c.h; path = ViewController.h; sourceTree = "<group>"; };
		ABFF16822398419100514EFB /* ViewController.m */ = {isa = PBXFileReference; lastKnownFileType = sourcecode.c.objc; path = ViewController.m; sourceTree = "<group>"; };
		ABFF16852398419100514EFB /* Base */ = {isa = PBXFileReference; lastKnownFileType = file.storyboard; name = Base; path = Base.lproj/Main.storyboard; sourceTree = "<group>"; };
		ABFF16872398419300514EFB /* Assets.xcassets */ = {isa = PBXFileReference; lastKnownFileType = folder.assetcatalog; path = Assets.xcassets; sourceTree = "<group>"; };
		ABFF168A2398419300514EFB /* Base */ = {isa = PBXFileReference; lastKnownFileType = file.storyboard; name = Base; path = Base.lproj/LaunchScreen.storyboard; sourceTree = "<group>"; };
		ABFF168C2398419300514EFB /* Info.plist */ = {isa = PBXFileReference; lastKnownFileType = text.plist.xml; path = Info.plist; sourceTree = "<group>"; };
		ABFF168D2398419300514EFB /* main.m */ = {isa = PBXFileReference; lastKnownFileType = sourcecode.c.objc; path = main.m; sourceTree = "<group>"; };
		ABFF169C23984AD600514EFB /* ARCityAirQuality.h */ = {isa = PBXFileReference; lastKnownFileType = sourcecode.c.h; path = ARCityAirQuality.h; sourceTree = "<group>"; };
		ABFF169D23984AD600514EFB /* ARCityAirQuality.m */ = {isa = PBXFileReference; lastKnownFileType = sourcecode.c.objc; path = ARCityAirQuality.m; sourceTree = "<group>"; };
		ABFF169F23984AE100514EFB /* ARWeather.h */ = {isa = PBXFileReference; lastKnownFileType = sourcecode.c.h; path = ARWeather.h; sourceTree = "<group>"; };
		ABFF16A023984AE100514EFB /* ARWeather.m */ = {isa = PBXFileReference; lastKnownFileType = sourcecode.c.objc; path = ARWeather.m; sourceTree = "<group>"; };
		ABFF16A223984AF100514EFB /* ARPollution.h */ = {isa = PBXFileReference; lastKnownFileType = sourcecode.c.h; path = ARPollution.h; sourceTree = "<group>"; };
		ABFF16A323984AF100514EFB /* ARPollution.m */ = {isa = PBXFileReference; lastKnownFileType = sourcecode.c.objc; path = ARPollution.m; sourceTree = "<group>"; };
		ABFF16A823985CAF00514EFB /* ARCityAirQualityController.h */ = {isa = PBXFileReference; lastKnownFileType = sourcecode.c.h; path = ARCityAirQualityController.h; sourceTree = "<group>"; };
		ABFF16A923985CAF00514EFB /* ARCityAirQualityController.m */ = {isa = PBXFileReference; lastKnownFileType = sourcecode.c.objc; path = ARCityAirQualityController.m; sourceTree = "<group>"; };
		ABFF16B723987A1D00514EFB /* Bridging-Header.h */ = {isa = PBXFileReference; lastKnownFileType = sourcecode.c.h; path = "Bridging-Header.h"; sourceTree = "<group>"; };
		ABFF16BA23987BF700514EFB /* CountriesListViewController.swift */ = {isa = PBXFileReference; lastKnownFileType = sourcecode.swift; path = CountriesListViewController.swift; sourceTree = "<group>"; };
		ABFF16BC23987C0200514EFB /* StatesListViewController.swift */ = {isa = PBXFileReference; lastKnownFileType = sourcecode.swift; path = StatesListViewController.swift; sourceTree = "<group>"; };
		ABFF16C023987DC900514EFB /* CityViewController.swift */ = {isa = PBXFileReference; lastKnownFileType = sourcecode.swift; path = CityViewController.swift; sourceTree = "<group>"; };
		ABFF16C223987E0D00514EFB /* CitiesListViewController.swift */ = {isa = PBXFileReference; lastKnownFileType = sourcecode.swift; path = CitiesListViewController.swift; sourceTree = "<group>"; };
/* End PBXFileReference section */

/* Begin PBXFrameworksBuildPhase section */
		ABFF16752398419100514EFB /* Frameworks */ = {
			isa = PBXFrameworksBuildPhase;
			buildActionMask = 2147483647;
			files = (
			);
			runOnlyForDeploymentPostprocessing = 0;
		};
/* End PBXFrameworksBuildPhase section */

/* Begin PBXGroup section */
		ABFF166F2398419100514EFB = {
			isa = PBXGroup;
			children = (
				ABFF167A2398419100514EFB /* AirQualityObjC */,
				ABFF16792398419100514EFB /* Products */,
			);
			sourceTree = "<group>";
		};
		ABFF16792398419100514EFB /* Products */ = {
			isa = PBXGroup;
			children = (
				ABFF16782398419100514EFB /* AirQualityObjC.app */,
			);
			name = Products;
			sourceTree = "<group>";
		};
		ABFF167A2398419100514EFB /* AirQualityObjC */ = {
			isa = PBXGroup;
			children = (
				ABFF1697239841BE00514EFB /* Views */,
				ABFF1696239841B900514EFB /* Controllers */,
				ABFF1695239841B500514EFB /* Models */,
				ABFF1694239841AD00514EFB /* Resources */,
			);
			path = AirQualityObjC;
			sourceTree = "<group>";
		};
		ABFF1694239841AD00514EFB /* Resources */ = {
			isa = PBXGroup;
			children = (
				ABFF167B2398419100514EFB /* AppDelegate.h */,
				ABFF167C2398419100514EFB /* AppDelegate.m */,
				ABFF167E2398419100514EFB /* SceneDelegate.h */,
				ABFF167F2398419100514EFB /* SceneDelegate.m */,
				ABFF16812398419100514EFB /* ViewController.h */,
				ABFF16822398419100514EFB /* ViewController.m */,
				ABFF16872398419300514EFB /* Assets.xcassets */,
				ABFF168C2398419300514EFB /* Info.plist */,
				ABFF168D2398419300514EFB /* main.m */,
				ABFF16B723987A1D00514EFB /* Bridging-Header.h */,
			);
			path = Resources;
			sourceTree = "<group>";
		};
		ABFF1695239841B500514EFB /* Models */ = {
			isa = PBXGroup;
			children = (
				ABFF169C23984AD600514EFB /* ARCityAirQuality.h */,
				ABFF169D23984AD600514EFB /* ARCityAirQuality.m */,
				ABFF169F23984AE100514EFB /* ARWeather.h */,
				ABFF16A023984AE100514EFB /* ARWeather.m */,
				ABFF16A223984AF100514EFB /* ARPollution.h */,
				ABFF16A323984AF100514EFB /* ARPollution.m */,
			);
			path = Models;
			sourceTree = "<group>";
		};
		ABFF1696239841B900514EFB /* Controllers */ = {
			isa = PBXGroup;
			children = (
				ABFF16A723985A6F00514EFB /* View Controllers */,
				ABFF16A623985A6500514EFB /* Model Controllers */,
			);
			path = Controllers;
			sourceTree = "<group>";
		};
		ABFF1697239841BE00514EFB /* Views */ = {
			isa = PBXGroup;
			children = (
				ABFF1698239841C900514EFB /* Storyboards */,
			);
			path = Views;
			sourceTree = "<group>";
		};
		ABFF1698239841C900514EFB /* Storyboards */ = {
			isa = PBXGroup;
			children = (
				ABFF16842398419100514EFB /* Main.storyboard */,
				ABFF16892398419300514EFB /* LaunchScreen.storyboard */,
			);
			path = Storyboards;
			sourceTree = "<group>";
		};
		ABFF16A623985A6500514EFB /* Model Controllers */ = {
			isa = PBXGroup;
			children = (
				ABFF16A823985CAF00514EFB /* ARCityAirQualityController.h */,
				ABFF16A923985CAF00514EFB /* ARCityAirQualityController.m */,
			);
			path = "Model Controllers";
			sourceTree = "<group>";
		};
		ABFF16A723985A6F00514EFB /* View Controllers */ = {
			isa = PBXGroup;
			children = (
				ABFF16BA23987BF700514EFB /* CountriesListViewController.swift */,
				ABFF16BC23987C0200514EFB /* StatesListViewController.swift */,
				ABFF16C223987E0D00514EFB /* CitiesListViewController.swift */,
				ABFF16C023987DC900514EFB /* CityViewController.swift */,
			);
			path = "View Controllers";
			sourceTree = "<group>";
		};
/* End PBXGroup section */

/* Begin PBXNativeTarget section */
		ABFF16772398419100514EFB /* AirQualityObjC */ = {
			isa = PBXNativeTarget;
			buildConfigurationList = ABFF16912398419300514EFB /* Build configuration list for PBXNativeTarget "AirQualityObjC" */;
			buildPhases = (
				ABFF16742398419100514EFB /* Sources */,
				ABFF16752398419100514EFB /* Frameworks */,
				ABFF16762398419100514EFB /* Resources */,
			);
			buildRules = (
			);
			dependencies = (
			);
			name = AirQualityObjC;
			productName = AirQualityObjC;
			productReference = ABFF16782398419100514EFB /* AirQualityObjC.app */;
			productType = "com.apple.product-type.application";
		};
/* End PBXNativeTarget section */

/* Begin PBXProject section */
		ABFF16702398419100514EFB /* Project object */ = {
			isa = PBXProject;
			attributes = {
				CLASSPREFIX = AR;
				LastUpgradeCheck = 1120;
				ORGANIZATIONNAME = "Aaron Shackelford";
				TargetAttributes = {
					ABFF16772398419100514EFB = {
						CreatedOnToolsVersion = 11.2.1;
						LastSwiftMigration = 1120;
					};
				};
			};
			buildConfigurationList = ABFF16732398419100514EFB /* Build configuration list for PBXProject "AirQualityObjC" */;
			compatibilityVersion = "Xcode 9.3";
			developmentRegion = en;
			hasScannedForEncodings = 0;
			knownRegions = (
				en,
				Base,
			);
			mainGroup = ABFF166F2398419100514EFB;
			productRefGroup = ABFF16792398419100514EFB /* Products */;
			projectDirPath = "";
			projectRoot = "";
			targets = (
				ABFF16772398419100514EFB /* AirQualityObjC */,
			);
		};
/* End PBXProject section */

/* Begin PBXResourcesBuildPhase section */
		ABFF16762398419100514EFB /* Resources */ = {
			isa = PBXResourcesBuildPhase;
			buildActionMask = 2147483647;
			files = (
				ABFF168B2398419300514EFB /* LaunchScreen.storyboard in Resources */,
				ABFF16882398419300514EFB /* Assets.xcassets in Resources */,
				ABFF16862398419100514EFB /* Main.storyboard in Resources */,
			);
			runOnlyForDeploymentPostprocessing = 0;
		};
/* End PBXResourcesBuildPhase section */

/* Begin PBXSourcesBuildPhase section */
		ABFF16742398419100514EFB /* Sources */ = {
			isa = PBXSourcesBuildPhase;
			buildActionMask = 2147483647;
			files = (
				ABFF169E23984AD600514EFB /* ARCityAirQuality.m in Sources */,
				ABFF16A123984AE100514EFB /* ARWeather.m in Sources */,
				ABFF16A423984AF100514EFB /* ARPollution.m in Sources */,
				ABFF16832398419100514EFB /* ViewController.m in Sources */,
				ABFF16BB23987BF700514EFB /* CountriesListViewController.swift in Sources */,
				ABFF16C323987E0D00514EFB /* CitiesListViewController.swift in Sources */,
				ABFF16AA23985CAF00514EFB /* ARCityAirQualityController.m in Sources */,
				ABFF16BD23987C0200514EFB /* StatesListViewController.swift in Sources */,
				ABFF167D2398419100514EFB /* AppDelegate.m in Sources */,
				ABFF168E2398419300514EFB /* main.m in Sources */,
				ABFF16802398419100514EFB /* SceneDelegate.m in Sources */,
				ABFF16C123987DC900514EFB /* CityViewController.swift in Sources */,
			);
			runOnlyForDeploymentPostprocessing = 0;
		};
/* End PBXSourcesBuildPhase section */

/* Begin PBXVariantGroup section */
		ABFF16842398419100514EFB /* Main.storyboard */ = {
			isa = PBXVariantGroup;
			children = (
				ABFF16852398419100514EFB /* Base */,
			);
			name = Main.storyboard;
			sourceTree = "<group>";
		};
		ABFF16892398419300514EFB /* LaunchScreen.storyboard */ = {
			isa = PBXVariantGroup;
			children = (
				ABFF168A2398419300514EFB /* Base */,
			);
			name = LaunchScreen.storyboard;
			sourceTree = "<group>";
		};
/* End PBXVariantGroup section */

/* Begin XCBuildConfiguration section */
		ABFF168F2398419300514EFB /* Debug */ = {
			isa = XCBuildConfiguration;
			buildSettings = {
				ALWAYS_SEARCH_USER_PATHS = NO;
				CLANG_ANALYZER_NONNULL = YES;
				CLANG_ANALYZER_NUMBER_OBJECT_CONVERSION = YES_AGGRESSIVE;
				CLANG_CXX_LANGUAGE_STANDARD = "gnu++14";
				CLANG_CXX_LIBRARY = "libc++";
				CLANG_ENABLE_MODULES = YES;
				CLANG_ENABLE_OBJC_ARC = YES;
				CLANG_ENABLE_OBJC_WEAK = YES;
				CLANG_WARN_BLOCK_CAPTURE_AUTORELEASING = YES;
				CLANG_WARN_BOOL_CONVERSION = YES;
				CLANG_WARN_COMMA = YES;
				CLANG_WARN_CONSTANT_CONVERSION = YES;
				CLANG_WARN_DEPRECATED_OBJC_IMPLEMENTATIONS = YES;
				CLANG_WARN_DIRECT_OBJC_ISA_USAGE = YES_ERROR;
				CLANG_WARN_DOCUMENTATION_COMMENTS = YES;
				CLANG_WARN_EMPTY_BODY = YES;
				CLANG_WARN_ENUM_CONVERSION = YES;
				CLANG_WARN_INFINITE_RECURSION = YES;
				CLANG_WARN_INT_CONVERSION = YES;
				CLANG_WARN_NON_LITERAL_NULL_CONVERSION = YES;
				CLANG_WARN_OBJC_IMPLICIT_RETAIN_SELF = YES;
				CLANG_WARN_OBJC_LITERAL_CONVERSION = YES;
				CLANG_WARN_OBJC_ROOT_CLASS = YES_ERROR;
				CLANG_WARN_RANGE_LOOP_ANALYSIS = YES;
				CLANG_WARN_STRICT_PROTOTYPES = YES;
				CLANG_WARN_SUSPICIOUS_MOVE = YES;
				CLANG_WARN_UNGUARDED_AVAILABILITY = YES_AGGRESSIVE;
				CLANG_WARN_UNREACHABLE_CODE = YES;
				CLANG_WARN__DUPLICATE_METHOD_MATCH = YES;
				COPY_PHASE_STRIP = NO;
				DEBUG_INFORMATION_FORMAT = dwarf;
				ENABLE_STRICT_OBJC_MSGSEND = YES;
				ENABLE_TESTABILITY = YES;
				GCC_C_LANGUAGE_STANDARD = gnu11;
				GCC_DYNAMIC_NO_PIC = NO;
				GCC_NO_COMMON_BLOCKS = YES;
				GCC_OPTIMIZATION_LEVEL = 0;
				GCC_PREPROCESSOR_DEFINITIONS = (
					"DEBUG=1",
					"$(inherited)",
				);
				GCC_WARN_64_TO_32_BIT_CONVERSION = YES;
				GCC_WARN_ABOUT_RETURN_TYPE = YES_ERROR;
				GCC_WARN_UNDECLARED_SELECTOR = YES;
				GCC_WARN_UNINITIALIZED_AUTOS = YES_AGGRESSIVE;
				GCC_WARN_UNUSED_FUNCTION = YES;
				GCC_WARN_UNUSED_VARIABLE = YES;
				IPHONEOS_DEPLOYMENT_TARGET = 13.2;
				MTL_ENABLE_DEBUG_INFO = INCLUDE_SOURCE;
				MTL_FAST_MATH = YES;
				ONLY_ACTIVE_ARCH = YES;
				SDKROOT = iphoneos;
			};
			name = Debug;
		};
		ABFF16902398419300514EFB /* Release */ = {
			isa = XCBuildConfiguration;
			buildSettings = {
				ALWAYS_SEARCH_USER_PATHS = NO;
				CLANG_ANALYZER_NONNULL = YES;
				CLANG_ANALYZER_NUMBER_OBJECT_CONVERSION = YES_AGGRESSIVE;
				CLANG_CXX_LANGUAGE_STANDARD = "gnu++14";
				CLANG_CXX_LIBRARY = "libc++";
				CLANG_ENABLE_MODULES = YES;
				CLANG_ENABLE_OBJC_ARC = YES;
				CLANG_ENABLE_OBJC_WEAK = YES;
				CLANG_WARN_BLOCK_CAPTURE_AUTORELEASING = YES;
				CLANG_WARN_BOOL_CONVERSION = YES;
				CLANG_WARN_COMMA = YES;
				CLANG_WARN_CONSTANT_CONVERSION = YES;
				CLANG_WARN_DEPRECATED_OBJC_IMPLEMENTATIONS = YES;
				CLANG_WARN_DIRECT_OBJC_ISA_USAGE = YES_ERROR;
				CLANG_WARN_DOCUMENTATION_COMMENTS = YES;
				CLANG_WARN_EMPTY_BODY = YES;
				CLANG_WARN_ENUM_CONVERSION = YES;
				CLANG_WARN_INFINITE_RECURSION = YES;
				CLANG_WARN_INT_CONVERSION = YES;
				CLANG_WARN_NON_LITERAL_NULL_CONVERSION = YES;
				CLANG_WARN_OBJC_IMPLICIT_RETAIN_SELF = YES;
				CLANG_WARN_OBJC_LITERAL_CONVERSION = YES;
				CLANG_WARN_OBJC_ROOT_CLASS = YES_ERROR;
				CLANG_WARN_RANGE_LOOP_ANALYSIS = YES;
				CLANG_WARN_STRICT_PROTOTYPES = YES;
				CLANG_WARN_SUSPICIOUS_MOVE = YES;
				CLANG_WARN_UNGUARDED_AVAILABILITY = YES_AGGRESSIVE;
				CLANG_WARN_UNREACHABLE_CODE = YES;
				CLANG_WARN__DUPLICATE_METHOD_MATCH = YES;
				COPY_PHASE_STRIP = NO;
				DEBUG_INFORMATION_FORMAT = "dwarf-with-dsym";
				ENABLE_NS_ASSERTIONS = NO;
				ENABLE_STRICT_OBJC_MSGSEND = YES;
				GCC_C_LANGUAGE_STANDARD = gnu11;
				GCC_NO_COMMON_BLOCKS = YES;
				GCC_WARN_64_TO_32_BIT_CONVERSION = YES;
				GCC_WARN_ABOUT_RETURN_TYPE = YES_ERROR;
				GCC_WARN_UNDECLARED_SELECTOR = YES;
				GCC_WARN_UNINITIALIZED_AUTOS = YES_AGGRESSIVE;
				GCC_WARN_UNUSED_FUNCTION = YES;
				GCC_WARN_UNUSED_VARIABLE = YES;
				IPHONEOS_DEPLOYMENT_TARGET = 13.2;
				MTL_ENABLE_DEBUG_INFO = NO;
				MTL_FAST_MATH = YES;
				SDKROOT = iphoneos;
				VALIDATE_PRODUCT = YES;
			};
			name = Release;
		};
		ABFF16922398419300514EFB /* Debug */ = {
			isa = XCBuildConfiguration;
			buildSettings = {
				ASSETCATALOG_COMPILER_APPICON_NAME = AppIcon;
				CLANG_ENABLE_MODULES = YES;
				CODE_SIGN_STYLE = Automatic;
				DEVELOPMENT_TEAM = 69Y2XBHVDM;
				INFOPLIST_FILE = AirQualityObjC/Resources/Info.plist;
				LD_RUNPATH_SEARCH_PATHS = (
					"$(inherited)",
					"@executable_path/Frameworks",
				);
				PRODUCT_BUNDLE_IDENTIFIER = shackelford.AirQualityObjC;
				PRODUCT_NAME = "$(TARGET_NAME)";
				SWIFT_OBJC_BRIDGING_HEADER = "AirQualityObjC/Resources/Bridging-Header.h";
				SWIFT_OPTIMIZATION_LEVEL = "-Onone";
				SWIFT_VERSION = 5.0;
				TARGETED_DEVICE_FAMILY = "1,2";
			};
			name = Debug;
		};
		ABFF16932398419300514EFB /* Release */ = {
			isa = XCBuildConfiguration;
			buildSettings = {
				ASSETCATALOG_COMPILER_APPICON_NAME = AppIcon;
				CLANG_ENABLE_MODULES = YES;
				CODE_SIGN_STYLE = Automatic;
				DEVELOPMENT_TEAM = 69Y2XBHVDM;
				INFOPLIST_FILE = AirQualityObjC/Resources/Info.plist;
				LD_RUNPATH_SEARCH_PATHS = (
					"$(inherited)",
					"@executable_path/Frameworks",
				);
				PRODUCT_BUNDLE_IDENTIFIER = shackelford.AirQualityObjC;
				PRODUCT_NAME = "$(TARGET_NAME)";
				SWIFT_OBJC_BRIDGING_HEADER = "AirQualityObjC/Resources/Bridging-Header.h";
				SWIFT_VERSION = 5.0;
				TARGETED_DEVICE_FAMILY = "1,2";
			};
			name = Release;
		};
/* End XCBuildConfiguration section */

/* Begin XCConfigurationList section */
		ABFF16732398419100514EFB /* Build configuration list for PBXProject "AirQualityObjC" */ = {
			isa = XCConfigurationList;
			buildConfigurations = (
				ABFF168F2398419300514EFB /* Debug */,
				ABFF16902398419300514EFB /* Release */,
			);
			defaultConfigurationIsVisible = 0;
			defaultConfigurationName = Release;
		};
		ABFF16912398419300514EFB /* Build configuration list for PBXNativeTarget "AirQualityObjC" */ = {
			isa = XCConfigurationList;
			buildConfigurations = (
				ABFF16922398419300514EFB /* Debug */,
				ABFF16932398419300514EFB /* Release */,
			);
			defaultConfigurationIsVisible = 0;
			defaultConfigurationName = Release;
		};
/* End XCConfigurationList section */
	};
	rootObject = ABFF16702398419100514EFB /* Project object */;
}
